
Microsoft Visual Studio Solution File, Format Version 12.00
# Visual Studio 2013
VisualStudioVersion = 12.0.30723.0
MinimumVisualStudioVersion = 10.0.40219.1
Project("{FAE04EC0-301F-11D3-BF4B-00C04F79EFBC}") = "buffered_appender", "buffered_appender\buffered_appender.csproj", "{3DDB8D05-4688-467D-B7F6-57E4A316DFDE}"
EndProject
Project("{FAE04EC0-301F-11D3-BF4B-00C04F79EFBC}") = "buffered_appender.tests", "buffered_appender.tests\buffered_appender.tests.csproj", "{3425BCA3-7FE4-412A-A4FC-48EFCCF16D01}"
EndProject
Global
	GlobalSection(SolutionConfigurationPlatforms) = preSolution
		Debug|Any CPU = Debug|Any CPU
		Release|Any CPU = Release|Any CPU
	EndGlobalSection
	GlobalSection(ProjectConfigurationPlatforms) = postSolution
		{3DDB8D05-4688-467D-B7F6-57E4A316DFDE}.Debug|Any CPU.ActiveCfg = Debug|Any CPU
		{3DDB8D05-4688-467D-B7F6-57E4A316DFDE}.Debug|Any CPU.Build.0 = Debug|Any CPU
		{3DDB8D05-4688-467D-B7F6-57E4A316DFDE}.Release|Any CPU.ActiveCfg = Release|Any CPU
		{3DDB8D05-4688-467D-B7F6-57E4A316DFDE}.Release|Any CPU.Build.0 = Release|Any CPU
		{3425BCA3-7FE4-412A-A4FC-48EFCCF16D01}.Debug|Any CPU.ActiveCfg = Debug|Any CPU
		{3425BCA3-7FE4-412A-A4FC-48EFCCF16D01}.Debug|Any CPU.Build.0 = Debug|Any CPU
		{3425BCA3-7FE4-412A-A4FC-48EFCCF16D01}.Release|Any CPU.ActiveCfg = Release|Any CPU
		{3425BCA3-7FE4-412A-A4FC-48EFCCF16D01}.Release|Any CPU.Build.0 = Release|Any CPU
	EndGlobalSection
	GlobalSection(SolutionProperties) = preSolution
		HideSolutionNode = FALSE
	EndGlobalSection
EndGlobal
